
Microsoft Visual Studio Solution File, Format Version 12.00
# Visual Studio Version 16
VisualStudioVersion = 16.0.30621.155
MinimumVisualStudioVersion = 10.0.40219.1
Project("{9A19103F-16F7-4668-BE54-9A1E7A4F7556}") = "ZigZag.Core", "ZigZag.Core\ZigZag.Core.csproj", "{8A3FE28F-313E-47BF-BDFF-BE525082999D}"
EndProject
Project("{9A19103F-16F7-4668-BE54-9A1E7A4F7556}") = "TextData", "ZigZag.StandardLibrary\Text\TextData\TextData.csproj", "{42DE09FD-2BCD-4195-A28E-D9E500F482AA}"
EndProject
Project("{2150E333-8FDC-42A3-9474-1A3956D46DE8}") = "StandardLibrary", "StandardLibrary", "{881C6FD3-8F0E-482C-AC8F-1E3474DD4E28}"
EndProject
Project("{2150E333-8FDC-42A3-9474-1A3956D46DE8}") = "Text", "Text", "{17D1B458-B913-44F3-A743-CCD31CA8B519}"
EndProject
Project("{9A19103F-16F7-4668-BE54-9A1E7A4F7556}") = "LoremIpsum", "ZigZag.StandardLibrary\Text\LoremIpsum\LoremIpsum.csproj", "{8314C1DF-8415-4C1C-9512-9C4E3B643594}"
EndProject
Project("{9A19103F-16F7-4668-BE54-9A1E7A4F7556}") = "Print", "ZigZag.StandardLibrary\Text\Print\Print.csproj", "{11E5F371-7130-4BEE-8083-5A7D9B2A04F1}"
EndProject
Project("{9A19103F-16F7-4668-BE54-9A1E7A4F7556}") = "ZigZag.Runtime", "ZigZag.Runtime\ZigZag.Runtime.csproj", "{4D46B1C9-E116-4F81-9C8E-BA5A6C015E1A}"
EndProject
Project("{9A19103F-16F7-4668-BE54-9A1E7A4F7556}") = "ZigZag.Editor", "ZigZag.Editor\ZigZag.Editor.csproj", "{8B6A3EBD-65AA-465B-AA9C-FD1CEAD120BE}"
EndProject
Project("{9A19103F-16F7-4668-BE54-9A1E7A4F7556}") = "ZigZag.SceneGraph", "ZigZag.SceneGraph\ZigZag.SceneGraph.csproj", "{541AF11D-B7D0-4289-BF83-C6FE297DB50F}"
EndProject
Project("{9A19103F-16F7-4668-BE54-9A1E7A4F7556}") = "ZigZag.OpenGL", "ZigZag.OpenGL\ZigZag.OpenGL.csproj", "{BC5D0272-375C-4556-A644-26867B3F213B}"
EndProject
Project("{9A19103F-16F7-4668-BE54-9A1E7A4F7556}") = "ZigZag.Mathematics", "ZigZag.Mathematics\ZigZag.Mathematics.csproj", "{8014AD82-C553-4B10-9806-372326EFDC63}"
EndProject
Global
	GlobalSection(SolutionConfigurationPlatforms) = preSolution
		Debug|Any CPU = Debug|Any CPU
		Debug|x64 = Debug|x64
		Debug|x86 = Debug|x86
		Release|Any CPU = Release|Any CPU
		Release|x64 = Release|x64
		Release|x86 = Release|x86
	EndGlobalSection
	GlobalSection(ProjectConfigurationPlatforms) = postSolution
		{8A3FE28F-313E-47BF-BDFF-BE525082999D}.Debug|Any CPU.ActiveCfg = Debug|Any CPU
		{8A3FE28F-313E-47BF-BDFF-BE525082999D}.Debug|Any CPU.Build.0 = Debug|Any CPU
		{8A3FE28F-313E-47BF-BDFF-BE525082999D}.Debug|x64.ActiveCfg = Debug|Any CPU
		{8A3FE28F-313E-47BF-BDFF-BE525082999D}.Debug|x64.Build.0 = Debug|Any CPU
		{8A3FE28F-313E-47BF-BDFF-BE525082999D}.Debug|x86.ActiveCfg = Debug|Any CPU
		{8A3FE28F-313E-47BF-BDFF-BE525082999D}.Debug|x86.Build.0 = Debug|Any CPU
		{8A3FE28F-313E-47BF-BDFF-BE525082999D}.Release|Any CPU.ActiveCfg = Release|Any CPU
		{8A3FE28F-313E-47BF-BDFF-BE525082999D}.Release|Any CPU.Build.0 = Release|Any CPU
		{8A3FE28F-313E-47BF-BDFF-BE525082999D}.Release|x64.ActiveCfg = Release|Any CPU
		{8A3FE28F-313E-47BF-BDFF-BE525082999D}.Release|x64.Build.0 = Release|Any CPU
		{8A3FE28F-313E-47BF-BDFF-BE525082999D}.Release|x86.ActiveCfg = Release|Any CPU
		{8A3FE28F-313E-47BF-BDFF-BE525082999D}.Release|x86.Build.0 = Release|Any CPU
		{42DE09FD-2BCD-4195-A28E-D9E500F482AA}.Debug|Any CPU.ActiveCfg = Debug|Any CPU
		{42DE09FD-2BCD-4195-A28E-D9E500F482AA}.Debug|Any CPU.Build.0 = Debug|Any CPU
		{42DE09FD-2BCD-4195-A28E-D9E500F482AA}.Debug|x64.ActiveCfg = Debug|Any CPU
		{42DE09FD-2BCD-4195-A28E-D9E500F482AA}.Debug|x64.Build.0 = Debug|Any CPU
		{42DE09FD-2BCD-4195-A28E-D9E500F482AA}.Debug|x86.ActiveCfg = Debug|Any CPU
		{42DE09FD-2BCD-4195-A28E-D9E500F482AA}.Debug|x86.Build.0 = Debug|Any CPU
		{42DE09FD-2BCD-4195-A28E-D9E500F482AA}.Release|Any CPU.ActiveCfg = Release|Any CPU
		{42DE09FD-2BCD-4195-A28E-D9E500F482AA}.Release|Any CPU.Build.0 = Release|Any CPU
		{42DE09FD-2BCD-4195-A28E-D9E500F482AA}.Release|x64.ActiveCfg = Release|Any CPU
		{42DE09FD-2BCD-4195-A28E-D9E500F482AA}.Release|x64.Build.0 = Release|Any CPU
		{42DE09FD-2BCD-4195-A28E-D9E500F482AA}.Release|x86.ActiveCfg = Release|Any CPU
		{42DE09FD-2BCD-4195-A28E-D9E500F482AA}.Release|x86.Build.0 = Release|Any CPU
		{8314C1DF-8415-4C1C-9512-9C4E3B643594}.Debug|Any CPU.ActiveCfg = Debug|Any CPU
		{8314C1DF-8415-4C1C-9512-9C4E3B643594}.Debug|Any CPU.Build.0 = Debug|Any CPU
		{8314C1DF-8415-4C1C-9512-9C4E3B643594}.Debug|x64.ActiveCfg = Debug|Any CPU
		{8314C1DF-8415-4C1C-9512-9C4E3B643594}.Debug|x64.Build.0 = Debug|Any CPU
		{8314C1DF-8415-4C1C-9512-9C4E3B643594}.Debug|x86.ActiveCfg = Debug|Any CPU
		{8314C1DF-8415-4C1C-9512-9C4E3B643594}.Debug|x86.Build.0 = Debug|Any CPU
		{8314C1DF-8415-4C1C-9512-9C4E3B643594}.Release|Any CPU.ActiveCfg = Release|Any CPU
		{8314C1DF-8415-4C1C-9512-9C4E3B643594}.Release|Any CPU.Build.0 = Release|Any CPU
		{8314C1DF-8415-4C1C-9512-9C4E3B643594}.Release|x64.ActiveCfg = Release|Any CPU
		{8314C1DF-8415-4C1C-9512-9C4E3B643594}.Release|x64.Build.0 = Release|Any CPU
		{8314C1DF-8415-4C1C-9512-9C4E3B643594}.Release|x86.ActiveCfg = Release|Any CPU
		{8314C1DF-8415-4C1C-9512-9C4E3B643594}.Release|x86.Build.0 = Release|Any CPU
		{11E5F371-7130-4BEE-8083-5A7D9B2A04F1}.Debug|Any CPU.ActiveCfg = Debug|Any CPU
		{11E5F371-7130-4BEE-8083-5A7D9B2A04F1}.Debug|Any CPU.Build.0 = Debug|Any CPU
		{11E5F371-7130-4BEE-8083-5A7D9B2A04F1}.Debug|x64.ActiveCfg = Debug|Any CPU
		{11E5F371-7130-4BEE-8083-5A7D9B2A04F1}.Debug|x64.Build.0 = Debug|Any CPU
		{11E5F371-7130-4BEE-8083-5A7D9B2A04F1}.Debug|x86.ActiveCfg = Debug|Any CPU
		{11E5F371-7130-4BEE-8083-5A7D9B2A04F1}.Debug|x86.Build.0 = Debug|Any CPU
		{11E5F371-7130-4BEE-8083-5A7D9B2A04F1}.Release|Any CPU.ActiveCfg = Release|Any CPU
		{11E5F371-7130-4BEE-8083-5A7D9B2A04F1}.Release|Any CPU.Build.0 = Release|Any CPU
		{11E5F371-7130-4BEE-8083-5A7D9B2A04F1}.Release|x64.ActiveCfg = Release|Any CPU
		{11E5F371-7130-4BEE-8083-5A7D9B2A04F1}.Release|x64.Build.0 = Release|Any CPU
		{11E5F371-7130-4BEE-8083-5A7D9B2A04F1}.Release|x86.ActiveCfg = Release|Any CPU
		{11E5F371-7130-4BEE-8083-5A7D9B2A04F1}.Release|x86.Build.0 = Release|Any CPU
		{4D46B1C9-E116-4F81-9C8E-BA5A6C015E1A}.Debug|Any CPU.ActiveCfg = Debug|Any CPU
		{4D46B1C9-E116-4F81-9C8E-BA5A6C015E1A}.Debug|Any CPU.Build.0 = Debug|Any CPU
		{4D46B1C9-E116-4F81-9C8E-BA5A6C015E1A}.Debug|x64.ActiveCfg = Debug|Any CPU
		{4D46B1C9-E116-4F81-9C8E-BA5A6C015E1A}.Debug|x64.Build.0 = Debug|Any CPU
		{4D46B1C9-E116-4F81-9C8E-BA5A6C015E1A}.Debug|x86.ActiveCfg = Debug|Any CPU
		{4D46B1C9-E116-4F81-9C8E-BA5A6C015E1A}.Debug|x86.Build.0 = Debug|Any CPU
		{4D46B1C9-E116-4F81-9C8E-BA5A6C015E1A}.Release|Any CPU.ActiveCfg = Release|Any CPU
		{4D46B1C9-E116-4F81-9C8E-BA5A6C015E1A}.Release|Any CPU.Build.0 = Release|Any CPU
		{4D46B1C9-E116-4F81-9C8E-BA5A6C015E1A}.Release|x64.ActiveCfg = Release|Any CPU
		{4D46B1C9-E116-4F81-9C8E-BA5A6C015E1A}.Release|x64.Build.0 = Release|Any CPU
		{4D46B1C9-E116-4F81-9C8E-BA5A6C015E1A}.Release|x86.ActiveCfg = Release|Any CPU
		{4D46B1C9-E116-4F81-9C8E-BA5A6C015E1A}.Release|x86.Build.0 = Release|Any CPU
		{8B6A3EBD-65AA-465B-AA9C-FD1CEAD120BE}.Debug|Any CPU.ActiveCfg = Debug|Any CPU
		{8B6A3EBD-65AA-465B-AA9C-FD1CEAD120BE}.Debug|Any CPU.Build.0 = Debug|Any CPU
		{8B6A3EBD-65AA-465B-AA9C-FD1CEAD120BE}.Debug|x64.ActiveCfg = Debug|Any CPU
		{8B6A3EBD-65AA-465B-AA9C-FD1CEAD120BE}.Debug|x64.Build.0 = Debug|Any CPU
		{8B6A3EBD-65AA-465B-AA9C-FD1CEAD120BE}.Debug|x86.ActiveCfg = Debug|Any CPU
		{8B6A3EBD-65AA-465B-AA9C-FD1CEAD120BE}.Debug|x86.Build.0 = Debug|Any CPU
		{8B6A3EBD-65AA-465B-AA9C-FD1CEAD120BE}.Release|Any CPU.ActiveCfg = Release|Any CPU
		{8B6A3EBD-65AA-465B-AA9C-FD1CEAD120BE}.Release|Any CPU.Build.0 = Release|Any CPU
		{8B6A3EBD-65AA-465B-AA9C-FD1CEAD120BE}.Release|x64.ActiveCfg = Release|Any CPU
		{8B6A3EBD-65AA-465B-AA9C-FD1CEAD120BE}.Release|x64.Build.0 = Release|Any CPU
		{8B6A3EBD-65AA-465B-AA9C-FD1CEAD120BE}.Release|x86.ActiveCfg = Release|Any CPU
		{8B6A3EBD-65AA-465B-AA9C-FD1CEAD120BE}.Release|x86.Build.0 = Release|Any CPU
		{541AF11D-B7D0-4289-BF83-C6FE297DB50F}.Debug|Any CPU.ActiveCfg = Debug|Any CPU
		{541AF11D-B7D0-4289-BF83-C6FE297DB50F}.Debug|Any CPU.Build.0 = Debug|Any CPU
		{541AF11D-B7D0-4289-BF83-C6FE297DB50F}.Debug|x64.ActiveCfg = Debug|Any CPU
		{541AF11D-B7D0-4289-BF83-C6FE297DB50F}.Debug|x64.Build.0 = Debug|Any CPU
		{541AF11D-B7D0-4289-BF83-C6FE297DB50F}.Debug|x86.ActiveCfg = Debug|Any CPU
		{541AF11D-B7D0-4289-BF83-C6FE297DB50F}.Debug|x86.Build.0 = Debug|Any CPU
		{541AF11D-B7D0-4289-BF83-C6FE297DB50F}.Release|Any CPU.ActiveCfg = Release|Any CPU
		{541AF11D-B7D0-4289-BF83-C6FE297DB50F}.Release|Any CPU.Build.0 = Release|Any CPU
		{541AF11D-B7D0-4289-BF83-C6FE297DB50F}.Release|x64.ActiveCfg = Release|Any CPU
		{541AF11D-B7D0-4289-BF83-C6FE297DB50F}.Release|x64.Build.0 = Release|Any CPU
		{541AF11D-B7D0-4289-BF83-C6FE297DB50F}.Release|x86.ActiveCfg = Release|Any CPU
		{541AF11D-B7D0-4289-BF83-C6FE297DB50F}.Release|x86.Build.0 = Release|Any CPU
		{BC5D0272-375C-4556-A644-26867B3F213B}.Debug|Any CPU.ActiveCfg = Debug|Any CPU
		{BC5D0272-375C-4556-A644-26867B3F213B}.Debug|Any CPU.Build.0 = Debug|Any CPU
		{BC5D0272-375C-4556-A644-26867B3F213B}.Debug|x64.ActiveCfg = Debug|Any CPU
		{BC5D0272-375C-4556-A644-26867B3F213B}.Debug|x64.Build.0 = Debug|Any CPU
		{BC5D0272-375C-4556-A644-26867B3F213B}.Debug|x86.ActiveCfg = Debug|Any CPU
		{BC5D0272-375C-4556-A644-26867B3F213B}.Debug|x86.Build.0 = Debug|Any CPU
		{BC5D0272-375C-4556-A644-26867B3F213B}.Release|Any CPU.ActiveCfg = Release|Any CPU
		{BC5D0272-375C-4556-A644-26867B3F213B}.Release|Any CPU.Build.0 = Release|Any CPU
		{BC5D0272-375C-4556-A644-26867B3F213B}.Release|x64.ActiveCfg = Release|Any CPU
		{BC5D0272-375C-4556-A644-26867B3F213B}.Release|x64.Build.0 = Release|Any CPU
		{BC5D0272-375C-4556-A644-26867B3F213B}.Release|x86.ActiveCfg = Release|Any CPU
		{BC5D0272-375C-4556-A644-26867B3F213B}.Release|x86.Build.0 = Release|Any CPU
		{8014AD82-C553-4B10-9806-372326EFDC63}.Debug|Any CPU.ActiveCfg = Debug|Any CPU
		{8014AD82-C553-4B10-9806-372326EFDC63}.Debug|Any CPU.Build.0 = Debug|Any CPU
		{8014AD82-C553-4B10-9806-372326EFDC63}.Debug|x64.ActiveCfg = Debug|Any CPU
		{8014AD82-C553-4B10-9806-372326EFDC63}.Debug|x64.Build.0 = Debug|Any CPU
		{8014AD82-C553-4B10-9806-372326EFDC63}.Debug|x86.ActiveCfg = Debug|Any CPU
		{8014AD82-C553-4B10-9806-372326EFDC63}.Debug|x86.Build.0 = Debug|Any CPU
		{8014AD82-C553-4B10-9806-372326EFDC63}.Release|Any CPU.ActiveCfg = Release|Any CPU
		{8014AD82-C553-4B10-9806-372326EFDC63}.Release|Any CPU.Build.0 = Release|Any CPU
		{8014AD82-C553-4B10-9806-372326EFDC63}.Release|x64.ActiveCfg = Release|Any CPU
		{8014AD82-C553-4B10-9806-372326EFDC63}.Release|x64.Build.0 = Release|Any CPU
		{8014AD82-C553-4B10-9806-372326EFDC63}.Release|x86.ActiveCfg = Release|Any CPU
		{8014AD82-C553-4B10-9806-372326EFDC63}.Release|x86.Build.0 = Release|Any CPU
	EndGlobalSection
	GlobalSection(SolutionProperties) = preSolution
		HideSolutionNode = FALSE
	EndGlobalSection
	GlobalSection(NestedProjects) = preSolution
		{42DE09FD-2BCD-4195-A28E-D9E500F482AA} = {17D1B458-B913-44F3-A743-CCD31CA8B519}
		{17D1B458-B913-44F3-A743-CCD31CA8B519} = {881C6FD3-8F0E-482C-AC8F-1E3474DD4E28}
		{8314C1DF-8415-4C1C-9512-9C4E3B643594} = {17D1B458-B913-44F3-A743-CCD31CA8B519}
		{11E5F371-7130-4BEE-8083-5A7D9B2A04F1} = {17D1B458-B913-44F3-A743-CCD31CA8B519}
	EndGlobalSection
	GlobalSection(ExtensibilityGlobals) = postSolution
		SolutionGuid = {2860FA20-EB06-452C-9A23-7486AC36A520}
	EndGlobalSection
EndGlobal
